{
  "pins" : [
    {
      "identity" : "rainbow",
      "kind" : "remoteSourceControl",
      "location" : "https://github.com/onevcat/Rainbow",
      "state" : {
        "revision" : "9c52c1952e9b2305d4507cf473392ac2d7c9b155",
        "version" : "3.1.5"
      }
    },
    {
      "identity" : "swift-syntax",
      "kind" : "remoteSourceControl",
      "location" : "https://github.com/apple/swift-syntax",
      "state" : {
        "branch" : "main",
        "revision" : "1c0bccddf0ec71ceaa11c5ac51354668c30b014e"
      }
    },
    {
      "identity" : "swiftcli",
      "kind" : "remoteSourceControl",
      "location" : "https://github.com/jakeheis/SwiftCLI",
      "state" : {
        "revision" : "df4d5b3ec2c1421a58d71010ff43528db5b19e04",
        "version" : "5.3.3"
      }
    }
  ],
  "version" : 2
}
